
Microsoft Visual Studio Solution File, Format Version 12.00
# Visual Studio Version 16
VisualStudioVersion = 16.0.31112.23
MinimumVisualStudioVersion = 10.0.40219.1
Project("{2150E333-8FDC-42A3-9474-1A3956D46DE8}") = "src", "src", "{452C0048-1C70-4139-8AF7-80C87535FA54}"
EndProject
Project("{2150E333-8FDC-42A3-9474-1A3956D46DE8}") = "Infra", "Infra", "{0B202D2A-8B9A-4B1F-8798-767ADEFF9A1B}"
EndProject
Project("{2150E333-8FDC-42A3-9474-1A3956D46DE8}") = "Dominio", "Dominio", "{22951A14-2422-4C74-A208-76FF7B80D664}"
EndProject
Project("{2150E333-8FDC-42A3-9474-1A3956D46DE8}") = "Web", "Web", "{6E132632-9473-495A-878F-7B8D0EF8971F}"
EndProject
Project("{2150E333-8FDC-42A3-9474-1A3956D46DE8}") = "Historias", "Historias", "{14875ECE-16D8-484D-9A69-B69C811AA331}"
EndProject
Project("{9A19103F-16F7-4668-BE54-9A1E7A4F7556}") = "Senna", "src\Web\Senna\Senna.csproj", "{292C392C-B169-4B34-9BFF-75884A6F8936}"
EndProject
Project("{FAE04EC0-301F-11D3-BF4B-00C04F79EFBC}") = "Dominio", "src\Dominio\Dominio\Dominio.csproj", "{5D438E92-0443-43A2-8938-94048CF6CECA}"
EndProject
Project("{FAE04EC0-301F-11D3-BF4B-00C04F79EFBC}") = "Infra", "src\Infra\Infra\Infra.csproj", "{718069AE-3AC0-4B3E-8C9E-45881E55BBDF}"
EndProject
Project("{FAE04EC0-301F-11D3-BF4B-00C04F79EFBC}") = "Historias", "src\Historias\Historias\Historias.csproj", "{CFB67E84-29CA-4C74-AB54-53B3EB5BBEE3}"
EndProject
Global
	GlobalSection(SolutionConfigurationPlatforms) = preSolution
		Debug|Any CPU = Debug|Any CPU
		Release|Any CPU = Release|Any CPU
	EndGlobalSection
	GlobalSection(ProjectConfigurationPlatforms) = postSolution
		{292C392C-B169-4B34-9BFF-75884A6F8936}.Debug|Any CPU.ActiveCfg = Debug|Any CPU
		{292C392C-B169-4B34-9BFF-75884A6F8936}.Debug|Any CPU.Build.0 = Debug|Any CPU
		{292C392C-B169-4B34-9BFF-75884A6F8936}.Release|Any CPU.ActiveCfg = Release|Any CPU
		{292C392C-B169-4B34-9BFF-75884A6F8936}.Release|Any CPU.Build.0 = Release|Any CPU
		{5D438E92-0443-43A2-8938-94048CF6CECA}.Debug|Any CPU.ActiveCfg = Debug|Any CPU
		{5D438E92-0443-43A2-8938-94048CF6CECA}.Debug|Any CPU.Build.0 = Debug|Any CPU
		{5D438E92-0443-43A2-8938-94048CF6CECA}.Release|Any CPU.ActiveCfg = Release|Any CPU
		{5D438E92-0443-43A2-8938-94048CF6CECA}.Release|Any CPU.Build.0 = Release|Any CPU
		{718069AE-3AC0-4B3E-8C9E-45881E55BBDF}.Debug|Any CPU.ActiveCfg = Debug|Any CPU
		{718069AE-3AC0-4B3E-8C9E-45881E55BBDF}.Debug|Any CPU.Build.0 = Debug|Any CPU
		{718069AE-3AC0-4B3E-8C9E-45881E55BBDF}.Release|Any CPU.ActiveCfg = Release|Any CPU
		{718069AE-3AC0-4B3E-8C9E-45881E55BBDF}.Release|Any CPU.Build.0 = Release|Any CPU
		{CFB67E84-29CA-4C74-AB54-53B3EB5BBEE3}.Debug|Any CPU.ActiveCfg = Debug|Any CPU
		{CFB67E84-29CA-4C74-AB54-53B3EB5BBEE3}.Debug|Any CPU.Build.0 = Debug|Any CPU
		{CFB67E84-29CA-4C74-AB54-53B3EB5BBEE3}.Release|Any CPU.ActiveCfg = Release|Any CPU
		{CFB67E84-29CA-4C74-AB54-53B3EB5BBEE3}.Release|Any CPU.Build.0 = Release|Any CPU
	EndGlobalSection
	GlobalSection(SolutionProperties) = preSolution
		HideSolutionNode = FALSE
	EndGlobalSection
	GlobalSection(NestedProjects) = preSolution
		{0B202D2A-8B9A-4B1F-8798-767ADEFF9A1B} = {452C0048-1C70-4139-8AF7-80C87535FA54}
		{22951A14-2422-4C74-A208-76FF7B80D664} = {452C0048-1C70-4139-8AF7-80C87535FA54}
		{6E132632-9473-495A-878F-7B8D0EF8971F} = {452C0048-1C70-4139-8AF7-80C87535FA54}
		{14875ECE-16D8-484D-9A69-B69C811AA331} = {452C0048-1C70-4139-8AF7-80C87535FA54}
		{292C392C-B169-4B34-9BFF-75884A6F8936} = {6E132632-9473-495A-878F-7B8D0EF8971F}
		{5D438E92-0443-43A2-8938-94048CF6CECA} = {22951A14-2422-4C74-A208-76FF7B80D664}
		{718069AE-3AC0-4B3E-8C9E-45881E55BBDF} = {0B202D2A-8B9A-4B1F-8798-767ADEFF9A1B}
		{CFB67E84-29CA-4C74-AB54-53B3EB5BBEE3} = {14875ECE-16D8-484D-9A69-B69C811AA331}
	EndGlobalSection
	GlobalSection(ExtensibilityGlobals) = postSolution
		SolutionGuid = {EDEB5D17-4A77-424B-8B43-6F7EF518C651}
	EndGlobalSection
EndGlobal
